// !$*UTF8*$!
{
	archiveVersion = 1;
	classes = {
	};
	objectVersion = 46;
	objects = {

/* Begin PBXBuildFile section */
		8D85D0801C7FFF690046C8CE /* AppDelegate.swift in Sources */ = {isa = PBXBuildFile; fileRef = 8D85D07F1C7FFF690046C8CE /* AppDelegate.swift */; };
		8D85D0821C7FFF690046C8CE /* ViewController.swift in Sources */ = {isa = PBXBuildFile; fileRef = 8D85D0811C7FFF690046C8CE /* ViewController.swift */; };
		8D85D0851C7FFF690046C8CE /* Main.storyboard in Resources */ = {isa = PBXBuildFile; fileRef = 8D85D0831C7FFF690046C8CE /* Main.storyboard */; };
		8D85D0871C7FFF690046C8CE /* Assets.xcassets in Resources */ = {isa = PBXBuildFile; fileRef = 8D85D0861C7FFF690046C8CE /* Assets.xcassets */; };
		8D85D08A1C7FFF690046C8CE /* LaunchScreen.storyboard in Resources */ = {isa = PBXBuildFile; fileRef = 8D85D0881C7FFF690046C8CE /* LaunchScreen.storyboard */; };
		8D85D0951C7FFF690046C8CE /* annimationTest20160226Tests.swift in Sources */ = {isa = PBXBuildFile; fileRef = 8D85D0941C7FFF690046C8CE /* annimationTest20160226Tests.swift */; };
		8D85D0A01C7FFF690046C8CE /* annimationTest20160226UITests.swift in Sources */ = {isa = PBXBuildFile; fileRef = 8D85D09F1C7FFF690046C8CE /* annimationTest20160226UITests.swift */; };
/* End PBXBuildFile section */

/* Begin PBXContainerItemProxy section */
		8D85D0911C7FFF690046C8CE /* PBXContainerItemProxy */ = {
			isa = PBXContainerItemProxy;
			containerPortal = 8D85D0741C7FFF690046C8CE /* Project object */;
			proxyType = 1;
			remoteGlobalIDString = 8D85D07B1C7FFF690046C8CE;
			remoteInfo = annimationTest20160226;
		};
		8D85D09C1C7FFF690046C8CE /* PBXContainerItemProxy */ = {
			isa = PBXContainerItemProxy;
			containerPortal = 8D85D0741C7FFF690046C8CE /* Project object */;
			proxyType = 1;
			remoteGlobalIDString = 8D85D07B1C7FFF690046C8CE;
			remoteInfo = annimationTest20160226;
		};
/* End PBXContainerItemProxy section */

/* Begin PBXFileReference section */
		8D85D07C1C7FFF690046C8CE /* annimationTest20160226.app */ = {isa = PBXFileReference; explicitFileType = wrapper.application; includeInIndex = 0; path = annimationTest20160226.app; sourceTree = BUILT_PRODUCTS_DIR; };
		8D85D07F1C7FFF690046C8CE /* AppDelegate.swift */ = {isa = PBXFileReference; lastKnownFileType = sourcecode.swift; path = AppDelegate.swift; sourceTree = "<group>"; };
		8D85D0811C7FFF690046C8CE /* ViewController.swift */ = {isa = PBXFileReference; lastKnownFileType = sourcecode.swift; path = ViewController.swift; sourceTree = "<group>"; };
		8D85D0841C7FFF690046C8CE /* Base */ = {isa = PBXFileReference; lastKnownFileType = file.storyboard; name = Base; path = Base.lproj/Main.storyboard; sourceTree = "<group>"; };
		8D85D0861C7FFF690046C8CE /* Assets.xcassets */ = {isa = PBXFileReference; lastKnownFileType = folder.assetcatalog; path = Assets.xcassets; sourceTree = "<group>"; };
		8D85D0891C7FFF690046C8CE /* Base */ = {isa = PBXFileReference; lastKnownFileType = file.storyboard; name = Base; path = Base.lproj/LaunchScreen.storyboard; sourceTree = "<group>"; };
		8D85D08B1C7FFF690046C8CE /* Info.plist */ = {isa = PBXFileReference; lastKnownFileType = text.plist.xml; path = Info.plist; sourceTree = "<group>"; };
		8D85D0901C7FFF690046C8CE /* annimationTest20160226Tests.xctest */ = {isa = PBXFileReference; explicitFileType = wrapper.cfbundle; includeInIndex = 0; path = annimationTest20160226Tests.xctest; sourceTree = BUILT_PRODUCTS_DIR; };
		8D85D0941C7FFF690046C8CE /* annimationTest20160226Tests.swift */ = {isa = PBXFileReference; lastKnownFileType = sourcecode.swift; path = annimationTest20160226Tests.swift; sourceTree = "<group>"; };
		8D85D0961C7FFF690046C8CE /* Info.plist */ = {isa = PBXFileReference; lastKnownFileType = text.plist.xml; path = Info.plist; sourceTree = "<group>"; };
		8D85D09B1C7FFF690046C8CE /* annimationTest20160226UITests.xctest */ = {isa = PBXFileReference; explicitFileType = wrapper.cfbundle; includeInIndex = 0; path = annimationTest20160226UITests.xctest; sourceTree = BUILT_PRODUCTS_DIR; };
		8D85D09F1C7FFF690046C8CE /* annimationTest20160226UITests.swift */ = {isa = PBXFileReference; lastKnownFileType = sourcecode.swift; path = annimationTest20160226UITests.swift; sourceTree = "<group>"; };
		8D85D0A11C7FFF690046C8CE /* Info.plist */ = {isa = PBXFileReference; lastKnownFileType = text.plist.xml; path = Info.plist; sourceTree = "<group>"; };
/* End PBXFileReference section */

/* Begin PBXFrameworksBuildPhase section */
		8D85D0791C7FFF690046C8CE /* Frameworks */ = {
			isa = PBXFrameworksBuildPhase;
			buildActionMask = 2147483647;
			files = (
			);
			runOnlyForDeploymentPostprocessing = 0;
		};
		8D85D08D1C7FFF690046C8CE /* Frameworks */ = {
			isa = PBXFrameworksBuildPhase;
			buildActionMask = 2147483647;
			files = (
			);
			runOnlyForDeploymentPostprocessing = 0;
		};
		8D85D0981C7FFF690046C8CE /* Frameworks */ = {
			isa = PBXFrameworksBuildPhase;
			buildActionMask = 2147483647;
			files = (
			);
			runOnlyForDeploymentPostprocessing = 0;
		};
/* End PBXFrameworksBuildPhase section */

/* Begin PBXGroup section */
		8D85D0731C7FFF690046C8CE = {
			isa = PBXGroup;
			children = (
				8D85D07E1C7FFF690046C8CE /* annimationTest20160226 */,
				8D85D0931C7FFF690046C8CE /* annimationTest20160226Tests */,
				8D85D09E1C7FFF690046C8CE /* annimationTest20160226UITests */,
				8D85D07D1C7FFF690046C8CE /* Products */,
			);
			sourceTree = "<group>";
		};
		8D85D07D1C7FFF690046C8CE /* Products */ = {
			isa = PBXGroup;
			children = (
				8D85D07C1C7FFF690046C8CE /* annimationTest20160226.app */,
				8D85D0901C7FFF690046C8CE /* annimationTest20160226Tests.xctest */,
				8D85D09B1C7FFF690046C8CE /* annimationTest20160226UITests.xctest */,
			);
			name = Products;
			sourceTree = "<group>";
		};
		8D85D07E1C7FFF690046C8CE /* annimationTest20160226 */ = {
			isa = PBXGroup;
			children = (
				8D85D07F1C7FFF690046C8CE /* AppDelegate.swift */,
				8D85D0811C7FFF690046C8CE /* ViewController.swift */,
				8D85D0831C7FFF690046C8CE /* Main.storyboard */,
				8D85D0861C7FFF690046C8CE /* Assets.xcassets */,
				8D85D0881C7FFF690046C8CE /* LaunchScreen.storyboard */,
				8D85D08B1C7FFF690046C8CE /* Info.plist */,
			);
			path = annimationTest20160226;
			sourceTree = "<group>";
		};
		8D85D0931C7FFF690046C8CE /* annimationTest20160226Tests */ = {
			isa = PBXGroup;
			children = (
				8D85D0941C7FFF690046C8CE /* annimationTest20160226Tests.swift */,
				8D85D0961C7FFF690046C8CE /* Info.plist */,
			);
			path = annimationTest20160226Tests;
			sourceTree = "<group>";
		};
		8D85D09E1C7FFF690046C8CE /* annimationTest20160226UITests */ = {
			isa = PBXGroup;
			children = (
				8D85D09F1C7FFF690046C8CE /* annimationTest20160226UITests.swift */,
				8D85D0A11C7FFF690046C8CE /* Info.plist */,
			);
			path = annimationTest20160226UITests;
			sourceTree = "<group>";
		};
/* End PBXGroup section */

/* Begin PBXNativeTarget section */
		8D85D07B1C7FFF690046C8CE /* annimationTest20160226 */ = {
			isa = PBXNativeTarget;
			buildConfigurationList = 8D85D0A41C7FFF690046C8CE /* Build configuration list for PBXNativeTarget "annimationTest20160226" */;
			buildPhases = (
				8D85D0781C7FFF690046C8CE /* Sources */,
				8D85D0791C7FFF690046C8CE /* Frameworks */,
				8D85D07A1C7FFF690046C8CE /* Resources */,
			);
			buildRules = (
			);
			dependencies = (
			);
			name = annimationTest20160226;
			productName = annimationTest20160226;
			productReference = 8D85D07C1C7FFF690046C8CE /* annimationTest20160226.app */;
			productType = "com.apple.product-type.application";
		};
		8D85D08F1C7FFF690046C8CE /* annimationTest20160226Tests */ = {
			isa = PBXNativeTarget;
			buildConfigurationList = 8D85D0A71C7FFF690046C8CE /* Build configuration list for PBXNativeTarget "annimationTest20160226Tests" */;
			buildPhases = (
				8D85D08C1C7FFF690046C8CE /* Sources */,
				8D85D08D1C7FFF690046C8CE /* Frameworks */,
				8D85D08E1C7FFF690046C8CE /* Resources */,
			);
			buildRules = (
			);
			dependencies = (
				8D85D0921C7FFF690046C8CE /* PBXTargetDependency */,
			);
			name = annimationTest20160226Tests;
			productName = annimationTest20160226Tests;
			productReference = 8D85D0901C7FFF690046C8CE /* annimationTest20160226Tests.xctest */;
			productType = "com.apple.product-type.bundle.unit-test";
		};
		8D85D09A1C7FFF690046C8CE /* annimationTest20160226UITests */ = {
			isa = PBXNativeTarget;
			buildConfigurationList = 8D85D0AA1C7FFF690046C8CE /* Build configuration list for PBXNativeTarget "annimationTest20160226UITests" */;
			buildPhases = (
				8D85D0971C7FFF690046C8CE /* Sources */,
				8D85D0981C7FFF690046C8CE /* Frameworks */,
				8D85D0991C7FFF690046C8CE /* Resources */,
			);
			buildRules = (
			);
			dependencies = (
				8D85D09D1C7FFF690046C8CE /* PBXTargetDependency */,
			);
			name = annimationTest20160226UITests;
			productName = annimationTest20160226UITests;
			productReference = 8D85D09B1C7FFF690046C8CE /* annimationTest20160226UITests.xctest */;
			productType = "com.apple.product-type.bundle.ui-testing";
		};
/* End PBXNativeTarget section */

/* Begin PBXProject section */
		8D85D0741C7FFF690046C8CE /* Project object */ = {
			isa = PBXProject;
			attributes = {
				LastSwiftUpdateCheck = 0720;
				LastUpgradeCheck = 0720;
				ORGANIZATIONNAME = qitan;
				TargetAttributes = {
					8D85D07B1C7FFF690046C8CE = {
						CreatedOnToolsVersion = 7.2.1;
					};
					8D85D08F1C7FFF690046C8CE = {
						CreatedOnToolsVersion = 7.2.1;
						TestTargetID = 8D85D07B1C7FFF690046C8CE;
					};
					8D85D09A1C7FFF690046C8CE = {
						CreatedOnToolsVersion = 7.2.1;
						TestTargetID = 8D85D07B1C7FFF690046C8CE;
					};
				};
			};
			buildConfigurationList = 8D85D0771C7FFF690046C8CE /* Build configuration list for PBXProject "annimationTest20160226" */;
			compatibilityVersion = "Xcode 3.2";
			developmentRegion = English;
			hasScannedForEncodings = 0;
			knownRegions = (
				en,
				Base,
			);
			mainGroup = 8D85D0731C7FFF690046C8CE;
			productRefGroup = 8D85D07D1C7FFF690046C8CE /* Products */;
			projectDirPath = "";
			projectRoot = "";
			targets = (
				8D85D07B1C7FFF690046C8CE /* annimationTest20160226 */,
				8D85D08F1C7FFF690046C8CE /* annimationTest20160226Tests */,
				8D85D09A1C7FFF690046C8CE /* annimationTest20160226UITests */,
			);
		};
/* End PBXProject section */

/* Begin PBXResourcesBuildPhase section */
		8D85D07A1C7FFF690046C8CE /* Resources */ = {
			isa = PBXResourcesBuildPhase;
			buildActionMask = 2147483647;
			files = (
				8D85D08A1C7FFF690046C8CE /* LaunchScreen.storyboard in Resources */,
				8D85D0871C7FFF690046C8CE /* Assets.xcassets in Resources */,
				8D85D0851C7FFF690046C8CE /* Main.storyboard in Resources */,
			);
			runOnlyForDeploymentPostprocessing = 0;
		};
		8D85D08E1C7FFF690046C8CE /* Resources */ = {
			isa = PBXResourcesBuildPhase;
			buildActionMask = 2147483647;
			files = (
			);
			runOnlyForDeploymentPostprocessing = 0;
		};
		8D85D0991C7FFF690046C8CE /* Resources */ = {
			isa = PBXResourcesBuildPhase;
			buildActionMask = 2147483647;
			files = (
			);
			runOnlyForDeploymentPostprocessing = 0;
		};
/* End PBXResourcesBuildPhase section */

/* Begin PBXSourcesBuildPhase section */
		8D85D0781C7FFF690046C8CE /* Sources */ = {
			isa = PBXSourcesBuildPhase;
			buildActionMask = 2147483647;
			files = (
				8D85D0821C7FFF690046C8CE /* ViewController.swift in Sources */,
				8D85D0801C7FFF690046C8CE /* AppDelegate.swift in Sources */,
			);
			runOnlyForDeploymentPostprocessing = 0;
		};
		8D85D08C1C7FFF690046C8CE /* Sources */ = {
			isa = PBXSourcesBuildPhase;
			buildActionMask = 2147483647;
			files = (
				8D85D0951C7FFF690046C8CE /* annimationTest20160226Tests.swift in Sources */,
			);
			runOnlyForDeploymentPostprocessing = 0;
		};
		8D85D0971C7FFF690046C8CE /* Sources */ = {
			isa = PBXSourcesBuildPhase;
			buildActionMask = 2147483647;
			files = (
				8D85D0A01C7FFF690046C8CE /* annimationTest20160226UITests.swift in Sources */,
			);
			runOnlyForDeploymentPostprocessing = 0;
		};
/* End PBXSourcesBuildPhase section */

/* Begin PBXTargetDependency section */
		8D85D0921C7FFF690046C8CE /* PBXTargetDependency */ = {
			isa = PBXTargetDependency;
			target = 8D85D07B1C7FFF690046C8CE /* annimationTest20160226 */;
			targetProxy = 8D85D0911C7FFF690046C8CE /* PBXContainerItemProxy */;
		};
		8D85D09D1C7FFF690046C8CE /* PBXTargetDependency */ = {
			isa = PBXTargetDependency;
			target = 8D85D07B1C7FFF690046C8CE /* annimationTest20160226 */;
			targetProxy = 8D85D09C1C7FFF690046C8CE /* PBXContainerItemProxy */;
		};
/* End PBXTargetDependency section */

/* Begin PBXVariantGroup section */
		8D85D0831C7FFF690046C8CE /* Main.storyboard */ = {
			isa = PBXVariantGroup;
			children = (
				8D85D0841C7FFF690046C8CE /* Base */,
			);
			name = Main.storyboard;
			sourceTree = "<group>";
		};
		8D85D0881C7FFF690046C8CE /* LaunchScreen.storyboard */ = {
			isa = PBXVariantGroup;
			children = (
				8D85D0891C7FFF690046C8CE /* Base */,
			);
			name = LaunchScreen.storyboard;
			sourceTree = "<group>";
		};
/* End PBXVariantGroup section */

/* Begin XCBuildConfiguration section */
		8D85D0A21C7FFF690046C8CE /* Debug */ = {
			isa = XCBuildConfiguration;
			buildSettings = {
				ALWAYS_SEARCH_USER_PATHS = NO;
				CLANG_CXX_LANGUAGE_STANDARD = "gnu++0x";
				CLANG_CXX_LIBRARY = "libc++";
				CLANG_ENABLE_MODULES = YES;
				CLANG_ENABLE_OBJC_ARC = YES;
				CLANG_WARN_BOOL_CONVERSION = YES;
				CLANG_WARN_CONSTANT_CONVERSION = YES;
				CLANG_WARN_DIRECT_OBJC_ISA_USAGE = YES_ERROR;
				CLANG_WARN_EMPTY_BODY = YES;
				CLANG_WARN_ENUM_CONVERSION = YES;
				CLANG_WARN_INT_CONVERSION = YES;
				CLANG_WARN_OBJC_ROOT_CLASS = YES_ERROR;
				CLANG_WARN_UNREACHABLE_CODE = YES;
				CLANG_WARN__DUPLICATE_METHOD_MATCH = YES;
				"CODE_SIGN_IDENTITY[sdk=iphoneos*]" = "iPhone Developer";
				COPY_PHASE_STRIP = NO;
				DEBUG_INFORMATION_FORMAT = dwarf;
				ENABLE_STRICT_OBJC_MSGSEND = YES;
				ENABLE_TESTABILITY = YES;
				GCC_C_LANGUAGE_STANDARD = gnu99;
				GCC_DYNAMIC_NO_PIC = NO;
				GCC_NO_COMMON_BLOCKS = YES;
				GCC_OPTIMIZATION_LEVEL = 0;
				GCC_PREPROCESSOR_DEFINITIONS = (
					"DEBUG=1",
					"$(inherited)",
				);
				GCC_WARN_64_TO_32_BIT_CONVERSION = YES;
				GCC_WARN_ABOUT_RETURN_TYPE = YES_ERROR;
				GCC_WARN_UNDECLARED_SELECTOR = YES;
				GCC_WARN_UNINITIALIZED_AUTOS = YES_AGGRESSIVE;
				GCC_WARN_UNUSED_FUNCTION = YES;
				GCC_WARN_UNUSED_VARIABLE = YES;
				IPHONEOS_DEPLOYMENT_TARGET = 9.2;
				MTL_ENABLE_DEBUG_INFO = YES;
				ONLY_ACTIVE_ARCH = YES;
				SDKROOT = iphoneos;
				SWIFT_OPTIMIZATION_LEVEL = "-Onone";
			};
			name = Debug;
		};
		8D85D0A31C7FFF690046C8CE /* Release */ = {
			isa = XCBuildConfiguration;
			buildSettings = {
				ALWAYS_SEARCH_USER_PATHS = NO;
				CLANG_CXX_LANGUAGE_STANDARD = "gnu++0x";
				CLANG_CXX_LIBRARY = "libc++";
				CLANG_ENABLE_MODULES = YES;
				CLANG_ENABLE_OBJC_ARC = YES;
				CLANG_WARN_BOOL_CONVERSION = YES;
				CLANG_WARN_CONSTANT_CONVERSION = YES;
				CLANG_WARN_DIRECT_OBJC_ISA_USAGE = YES_ERROR;
				CLANG_WARN_EMPTY_BODY = YES;
				CLANG_WARN_ENUM_CONVERSION = YES;
				CLANG_WARN_INT_CONVERSION = YES;
				CLANG_WARN_OBJC_ROOT_CLASS = YES_ERROR;
				CLANG_WARN_UNREACHABLE_CODE = YES;
				CLANG_WARN__DUPLICATE_METHOD_MATCH = YES;
				"CODE_SIGN_IDENTITY[sdk=iphoneos*]" = "iPhone Developer";
				COPY_PHASE_STRIP = NO;
				DEBUG_INFORMATION_FORMAT = "dwarf-with-dsym";
				ENABLE_NS_ASSERTIONS = NO;
				ENABLE_STRICT_OBJC_MSGSEND = YES;
				GCC_C_LANGUAGE_STANDARD = gnu99;
				GCC_NO_COMMON_BLOCKS = YES;
				GCC_WARN_64_TO_32_BIT_CONVERSION = YES;
				GCC_WARN_ABOUT_RETURN_TYPE = YES_ERROR;
				GCC_WARN_UNDECLARED_SELECTOR = YES;
				GCC_WARN_UNINITIALIZED_AUTOS = YES_AGGRESSIVE;
				GCC_WARN_UNUSED_FUNCTION = YES;
				GCC_WARN_UNUSED_VARIABLE = YES;
				IPHONEOS_DEPLOYMENT_TARGET = 9.2;
				MTL_ENABLE_DEBUG_INFO = NO;
				SDKROOT = iphoneos;
				VALIDATE_PRODUCT = YES;
			};
			name = Release;
		};
		8D85D0A51C7FFF690046C8CE /* Debug */ = {
			isa = XCBuildConfiguration;
			buildSettings = {
				ASSETCATALOG_COMPILER_APPICON_NAME = AppIcon;
				INFOPLIST_FILE = annimationTest20160226/Info.plist;
				LD_RUNPATH_SEARCH_PATHS = "$(inherited) @executable_path/Frameworks";
				PRODUCT_BUNDLE_IDENTIFIER = nothing.annimationTest20160226;
				PRODUCT_NAME = "$(TARGET_NAME)";
			};
			name = Debug;
		};
		8D85D0A61C7FFF690046C8CE /* Release */ = {
			isa = XCBuildConfiguration;
			buildSettings = {
				ASSETCATALOG_COMPILER_APPICON_NAME = AppIcon;
				INFOPLIST_FILE = annimationTest20160226/Info.plist;
				LD_RUNPATH_SEARCH_PATHS = "$(inherited) @executable_path/Frameworks";
				PRODUCT_BUNDLE_IDENTIFIER = nothing.annimationTest20160226;
				PRODUCT_NAME = "$(TARGET_NAME)";
			};
			name = Release;
		};
		8D85D0A81C7FFF690046C8CE /* Debug */ = {
			isa = XCBuildConfiguration;
			buildSettings = {
				BUNDLE_LOADER = "$(TEST_HOST)";
				INFOPLIST_FILE = annimationTest20160226Tests/Info.plist;
				LD_RUNPATH_SEARCH_PATHS = "$(inherited) @executable_path/Frameworks @loader_path/Frameworks";
				PRODUCT_BUNDLE_IDENTIFIER = nothing.annimationTest20160226Tests;
				PRODUCT_NAME = "$(TARGET_NAME)";
				TEST_HOST = "$(BUILT_PRODUCTS_DIR)/annimationTest20160226.app/annimationTest20160226";
			};
			name = Debug;
		};
		8D85D0A91C7FFF690046C8CE /* Release */ = {
			isa = XCBuildConfiguration;
			buildSettings = {
				BUNDLE_LOADER = "$(TEST_HOST)";
				INFOPLIST_FILE = annimationTest20160226Tests/Info.plist;
				LD_RUNPATH_SEARCH_PATHS = "$(inherited) @executable_path/Frameworks @loader_path/Frameworks";
				PRODUCT_BUNDLE_IDENTIFIER = nothing.annimationTest20160226Tests;
				PRODUCT_NAME = "$(TARGET_NAME)";
				TEST_HOST = "$(BUILT_PRODUCTS_DIR)/annimationTest20160226.app/annimationTest20160226";
			};
			name = Release;
		};
		8D85D0AB1C7FFF690046C8CE /* Debug */ = {
			isa = XCBuildConfiguration;
			buildSettings = {
				INFOPLIST_FILE = annimationTest20160226UITests/Info.plist;
				LD_RUNPATH_SEARCH_PATHS = "$(inherited) @executable_path/Frameworks @loader_path/Frameworks";
				PRODUCT_BUNDLE_IDENTIFIER = nothing.annimationTest20160226UITests;
				PRODUCT_NAME = "$(TARGET_NAME)";
				TEST_TARGET_NAME = annimationTest20160226;
				USES_XCTRUNNER = YES;
			};
			name = Debug;
		};
		8D85D0AC1C7FFF690046C8CE /* Release */ = {
			isa = XCBuildConfiguration;
			buildSettings = {
				INFOPLIST_FILE = annimationTest20160226UITests/Info.plist;
				LD_RUNPATH_SEARCH_PATHS = "$(inherited) @executable_path/Frameworks @loader_path/Frameworks";
				PRODUCT_BUNDLE_IDENTIFIER = nothing.annimationTest20160226UITests;
				PRODUCT_NAME = "$(TARGET_NAME)";
				TEST_TARGET_NAME = annimationTest20160226;
				USES_XCTRUNNER = YES;
			};
			name = Release;
		};
/* End XCBuildConfiguration section */

/* Begin XCConfigurationList section */
		8D85D0771C7FFF690046C8CE /* Build configuration list for PBXProject "annimationTest20160226" */ = {
			isa = XCConfigurationList;
			buildConfigurations = (
				8D85D0A21C7FFF690046C8CE /* Debug */,
				8D85D0A31C7FFF690046C8CE /* Release */,
			);
			defaultConfigurationIsVisible = 0;
			defaultConfigurationName = Release;
		};
		8D85D0A41C7FFF690046C8CE /* Build configuration list for PBXNativeTarget "annimationTest20160226" */ = {
			isa = XCConfigurationList;
			buildConfigurations = (
				8D85D0A51C7FFF690046C8CE /* Debug */,
				8D85D0A61C7FFF690046C8CE /* Release */,
			);
			defaultConfigurationIsVisible = 0;
		};
		8D85D0A71C7FFF690046C8CE /* Build configuration list for PBXNativeTarget "annimationTest20160226Tests" */ = {
			isa = XCConfigurationList;
			buildConfigurations = (
				8D85D0A81C7FFF690046C8CE /* Debug */,
				8D85D0A91C7FFF690046C8CE /* Release */,
			);
			defaultConfigurationIsVisible = 0;
		};
		8D85D0AA1C7FFF690046C8CE /* Build configuration list for PBXNativeTarget "annimationTest20160226UITests" */ = {
			isa = XCConfigurationList;
			buildConfigurations = (
				8D85D0AB1C7FFF690046C8CE /* Debug */,
				8D85D0AC1C7FFF690046C8CE /* Release */,
			);
			defaultConfigurationIsVisible = 0;
		};
/* End XCConfigurationList section */
	};
	rootObject = 8D85D0741C7FFF690046C8CE /* Project object */;
}
